// !$*UTF8*$!
{
	archiveVersion = 1;
	classes = {
	};
	objectVersion = 50;
	objects = {

/* Begin PBXBuildFile section */
		A83EC35225CC8D3500DD6FAC /* AppDelegate.swift in Sources */ = {isa = PBXBuildFile; fileRef = A83EC35125CC8D3500DD6FAC /* AppDelegate.swift */; };
		A83EC35425CC8D3500DD6FAC /* SceneDelegate.swift in Sources */ = {isa = PBXBuildFile; fileRef = A83EC35325CC8D3500DD6FAC /* SceneDelegate.swift */; };
		A83EC35625CC8D3500DD6FAC /* ContentView.swift in Sources */ = {isa = PBXBuildFile; fileRef = A83EC35525CC8D3500DD6FAC /* ContentView.swift */; };
		A83EC35825CC8D3700DD6FAC /* Assets.xcassets in Resources */ = {isa = PBXBuildFile; fileRef = A83EC35725CC8D3700DD6FAC /* Assets.xcassets */; };
		A83EC35B25CC8D3700DD6FAC /* Preview Assets.xcassets in Resources */ = {isa = PBXBuildFile; fileRef = A83EC35A25CC8D3700DD6FAC /* Preview Assets.xcassets */; };
		A83EC35E25CC8D3700DD6FAC /* LaunchScreen.storyboard in Resources */ = {isa = PBXBuildFile; fileRef = A83EC35C25CC8D3700DD6FAC /* LaunchScreen.storyboard */; };
/* End PBXBuildFile section */

/* Begin PBXFileReference section */
		A83EC34E25CC8D3500DD6FAC /* Segue o Baile.app */ = {isa = PBXFileReference; explicitFileType = wrapper.application; includeInIndex = 0; path = "Segue o Baile.app"; sourceTree = BUILT_PRODUCTS_DIR; };
		A83EC35125CC8D3500DD6FAC /* AppDelegate.swift */ = {isa = PBXFileReference; lastKnownFileType = sourcecode.swift; path = AppDelegate.swift; sourceTree = "<group>"; };
		A83EC35325CC8D3500DD6FAC /* SceneDelegate.swift */ = {isa = PBXFileReference; lastKnownFileType = sourcecode.swift; path = SceneDelegate.swift; sourceTree = "<group>"; };
		A83EC35525CC8D3500DD6FAC /* ContentView.swift */ = {isa = PBXFileReference; lastKnownFileType = sourcecode.swift; path = ContentView.swift; sourceTree = "<group>"; };
		A83EC35725CC8D3700DD6FAC /* Assets.xcassets */ = {isa = PBXFileReference; lastKnownFileType = folder.assetcatalog; path = Assets.xcassets; sourceTree = "<group>"; };
		A83EC35A25CC8D3700DD6FAC /* Preview Assets.xcassets */ = {isa = PBXFileReference; lastKnownFileType = folder.assetcatalog; path = "Preview Assets.xcassets"; sourceTree = "<group>"; };
		A83EC35D25CC8D3700DD6FAC /* Base */ = {isa = PBXFileReference; lastKnownFileType = file.storyboard; name = Base; path = Base.lproj/LaunchScreen.storyboard; sourceTree = "<group>"; };
		A83EC35F25CC8D3700DD6FAC /* Info.plist */ = {isa = PBXFileReference; lastKnownFileType = text.plist.xml; path = Info.plist; sourceTree = "<group>"; };
/* End PBXFileReference section */

/* Begin PBXFrameworksBuildPhase section */
		A83EC34B25CC8D3500DD6FAC /* Frameworks */ = {
			isa = PBXFrameworksBuildPhase;
			buildActionMask = 2147483647;
			files = (
			);
			runOnlyForDeploymentPostprocessing = 0;
		};
/* End PBXFrameworksBuildPhase section */

/* Begin PBXGroup section */
		A83EC34525CC8D3500DD6FAC = {
			isa = PBXGroup;
			children = (
				A83EC35025CC8D3500DD6FAC /* Segue o Baile */,
				A83EC34F25CC8D3500DD6FAC /* Products */,
			);
			sourceTree = "<group>";
		};
		A83EC34F25CC8D3500DD6FAC /* Products */ = {
			isa = PBXGroup;
			children = (
				A83EC34E25CC8D3500DD6FAC /* Segue o Baile.app */,
			);
			name = Products;
			sourceTree = "<group>";
		};
		A83EC35025CC8D3500DD6FAC /* Segue o Baile */ = {
			isa = PBXGroup;
			children = (
				A83EC35125CC8D3500DD6FAC /* AppDelegate.swift */,
				A83EC35325CC8D3500DD6FAC /* SceneDelegate.swift */,
				A83EC35525CC8D3500DD6FAC /* ContentView.swift */,
				A83EC35725CC8D3700DD6FAC /* Assets.xcassets */,
				A83EC35C25CC8D3700DD6FAC /* LaunchScreen.storyboard */,
				A83EC35F25CC8D3700DD6FAC /* Info.plist */,
				A83EC35925CC8D3700DD6FAC /* Preview Content */,
			);
			path = "Segue o Baile";
			sourceTree = "<group>";
		};
		A83EC35925CC8D3700DD6FAC /* Preview Content */ = {
			isa = PBXGroup;
			children = (
				A83EC35A25CC8D3700DD6FAC /* Preview Assets.xcassets */,
			);
			path = "Preview Content";
			sourceTree = "<group>";
		};
/* End PBXGroup section */

/* Begin PBXNativeTarget section */
		A83EC34D25CC8D3500DD6FAC /* Segue o Baile */ = {
			isa = PBXNativeTarget;
			buildConfigurationList = A83EC36225CC8D3700DD6FAC /* Build configuration list for PBXNativeTarget "Segue o Baile" */;
			buildPhases = (
				A83EC34A25CC8D3500DD6FAC /* Sources */,
				A83EC34B25CC8D3500DD6FAC /* Frameworks */,
				A83EC34C25CC8D3500DD6FAC /* Resources */,
			);
			buildRules = (
			);
			dependencies = (
			);
			name = "Segue o Baile";
			productName = "Segue o Baile";
			productReference = A83EC34E25CC8D3500DD6FAC /* Segue o Baile.app */;
			productType = "com.apple.product-type.application";
		};
/* End PBXNativeTarget section */

/* Begin PBXProject section */
		A83EC34625CC8D3500DD6FAC /* Project object */ = {
			isa = PBXProject;
			attributes = {
				LastSwiftUpdateCheck = 1240;
				LastUpgradeCheck = 1240;
				TargetAttributes = {
					A83EC34D25CC8D3500DD6FAC = {
						CreatedOnToolsVersion = 12.4;
					};
				};
			};
			buildConfigurationList = A83EC34925CC8D3500DD6FAC /* Build configuration list for PBXProject "Segue o Baile" */;
			compatibilityVersion = "Xcode 9.3";
			developmentRegion = en;
			hasScannedForEncodings = 0;
			knownRegions = (
				en,
				Base,
			);
			mainGroup = A83EC34525CC8D3500DD6FAC;
			productRefGroup = A83EC34F25CC8D3500DD6FAC /* Products */;
			projectDirPath = "";
			projectRoot = "";
			targets = (
				A83EC34D25CC8D3500DD6FAC /* Segue o Baile */,
			);
		};
/* End PBXProject section */

/* Begin PBXResourcesBuildPhase section */
		A83EC34C25CC8D3500DD6FAC /* Resources */ = {
			isa = PBXResourcesBuildPhase;
			buildActionMask = 2147483647;
			files = (
				A83EC35E25CC8D3700DD6FAC /* LaunchScreen.storyboard in Resources */,
				A83EC35B25CC8D3700DD6FAC /* Preview Assets.xcassets in Resources */,
				A83EC35825CC8D3700DD6FAC /* Assets.xcassets in Resources */,
			);
			runOnlyForDeploymentPostprocessing = 0;
		};
/* End PBXResourcesBuildPhase section */

/* Begin PBXSourcesBuildPhase section */
		A83EC34A25CC8D3500DD6FAC /* Sources */ = {
			isa = PBXSourcesBuildPhase;
			buildActionMask = 2147483647;
			files = (
				A83EC35225CC8D3500DD6FAC /* AppDelegate.swift in Sources */,
				A83EC35425CC8D3500DD6FAC /* SceneDelegate.swift in Sources */,
				A83EC35625CC8D3500DD6FAC /* ContentView.swift in Sources */,
			);
			runOnlyForDeploymentPostprocessing = 0;
		};
/* End PBXSourcesBuildPhase section */

/* Begin PBXVariantGroup section */
		A83EC35C25CC8D3700DD6FAC /* LaunchScreen.storyboard */ = {
			isa = PBXVariantGroup;
			children = (
				A83EC35D25CC8D3700DD6FAC /* Base */,
			);
			name = LaunchScreen.storyboard;
			sourceTree = "<group>";
		};
/* End PBXVariantGroup section */

/* Begin XCBuildConfiguration section */
		A83EC36025CC8D3700DD6FAC /* Debug */ = {
			isa = XCBuildConfiguration;
			buildSettings = {
				ALWAYS_SEARCH_USER_PATHS = NO;
				CLANG_ANALYZER_NONNULL = YES;
				CLANG_ANALYZER_NUMBER_OBJECT_CONVERSION = YES_AGGRESSIVE;
				CLANG_CXX_LANGUAGE_STANDARD = "gnu++14";
				CLANG_CXX_LIBRARY = "libc++";
				CLANG_ENABLE_MODULES = YES;
				CLANG_ENABLE_OBJC_ARC = YES;
				CLANG_ENABLE_OBJC_WEAK = YES;
				CLANG_WARN_BLOCK_CAPTURE_AUTORELEASING = YES;
				CLANG_WARN_BOOL_CONVERSION = YES;
				CLANG_WARN_COMMA = YES;
				CLANG_WARN_CONSTANT_CONVERSION = YES;
				CLANG_WARN_DEPRECATED_OBJC_IMPLEMENTATIONS = YES;
				CLANG_WARN_DIRECT_OBJC_ISA_USAGE = YES_ERROR;
				CLANG_WARN_DOCUMENTATION_COMMENTS = YES;
				CLANG_WARN_EMPTY_BODY = YES;
				CLANG_WARN_ENUM_CONVERSION = YES;
				CLANG_WARN_INFINITE_RECURSION = YES;
				CLANG_WARN_INT_CONVERSION = YES;
				CLANG_WARN_NON_LITERAL_NULL_CONVERSION = YES;
				CLANG_WARN_OBJC_IMPLICIT_RETAIN_SELF = YES;
				CLANG_WARN_OBJC_LITERAL_CONVERSION = YES;
				CLANG_WARN_OBJC_ROOT_CLASS = YES_ERROR;
				CLANG_WARN_QUOTED_INCLUDE_IN_FRAMEWORK_HEADER = YES;
				CLANG_WARN_RANGE_LOOP_ANALYSIS = YES;
				CLANG_WARN_STRICT_PROTOTYPES = YES;
				CLANG_WARN_SUSPICIOUS_MOVE = YES;
				CLANG_WARN_UNGUARDED_AVAILABILITY = YES_AGGRESSIVE;
				CLANG_WARN_UNREACHABLE_CODE = YES;
				CLANG_WARN__DUPLICATE_METHOD_MATCH = YES;
				COPY_PHASE_STRIP = NO;
				DEBUG_INFORMATION_FORMAT = dwarf;
				ENABLE_STRICT_OBJC_MSGSEND = YES;
				ENABLE_TESTABILITY = YES;
				GCC_C_LANGUAGE_STANDARD = gnu11;
				GCC_DYNAMIC_NO_PIC = NO;
				GCC_NO_COMMON_BLOCKS = YES;
				GCC_OPTIMIZATION_LEVEL = 0;
				GCC_PREPROCESSOR_DEFINITIONS = (
					"DEBUG=1",
					"$(inherited)",
				);
				GCC_WARN_64_TO_32_BIT_CONVERSION = YES;
				GCC_WARN_ABOUT_RETURN_TYPE = YES_ERROR;
				GCC_WARN_UNDECLARED_SELECTOR = YES;
				GCC_WARN_UNINITIALIZED_AUTOS = YES_AGGRESSIVE;
				GCC_WARN_UNUSED_FUNCTION = YES;
				GCC_WARN_UNUSED_VARIABLE = YES;
				IPHONEOS_DEPLOYMENT_TARGET = 14.4;
				MTL_ENABLE_DEBUG_INFO = INCLUDE_SOURCE;
				MTL_FAST_MATH = YES;
				ONLY_ACTIVE_ARCH = YES;
				SDKROOT = iphoneos;
				SWIFT_ACTIVE_COMPILATION_CONDITIONS = DEBUG;
				SWIFT_OPTIMIZATION_LEVEL = "-Onone";
			};
			name = Debug;
		};
		A83EC36125CC8D3700DD6FAC /* Release */ = {
			isa = XCBuildConfiguration;
			buildSettings = {
				ALWAYS_SEARCH_USER_PATHS = NO;
				CLANG_ANALYZER_NONNULL = YES;
				CLANG_ANALYZER_NUMBER_OBJECT_CONVERSION = YES_AGGRESSIVE;
				CLANG_CXX_LANGUAGE_STANDARD = "gnu++14";
				CLANG_CXX_LIBRARY = "libc++";
				CLANG_ENABLE_MODULES = YES;
				CLANG_ENABLE_OBJC_ARC = YES;
				CLANG_ENABLE_OBJC_WEAK = YES;
				CLANG_WARN_BLOCK_CAPTURE_AUTORELEASING = YES;
				CLANG_WARN_BOOL_CONVERSION = YES;
				CLANG_WARN_COMMA = YES;
				CLANG_WARN_CONSTANT_CONVERSION = YES;
				CLANG_WARN_DEPRECATED_OBJC_IMPLEMENTATIONS = YES;
				CLANG_WARN_DIRECT_OBJC_ISA_USAGE = YES_ERROR;
				CLANG_WARN_DOCUMENTATION_COMMENTS = YES;
				CLANG_WARN_EMPTY_BODY = YES;
				CLANG_WARN_ENUM_CONVERSION = YES;
				CLANG_WARN_INFINITE_RECURSION = YES;
				CLANG_WARN_INT_CONVERSION = YES;
				CLANG_WARN_NON_LITERAL_NULL_CONVERSION = YES;
				CLANG_WARN_OBJC_IMPLICIT_RETAIN_SELF = YES;
				CLANG_WARN_OBJC_LITERAL_CONVERSION = YES;
				CLANG_WARN_OBJC_ROOT_CLASS = YES_ERROR;
				CLANG_WARN_QUOTED_INCLUDE_IN_FRAMEWORK_HEADER = YES;
				CLANG_WARN_RANGE_LOOP_ANALYSIS = YES;
				CLANG_WARN_STRICT_PROTOTYPES = YES;
				CLANG_WARN_SUSPICIOUS_MOVE = YES;
				CLANG_WARN_UNGUARDED_AVAILABILITY = YES_AGGRESSIVE;
				CLANG_WARN_UNREACHABLE_CODE = YES;
				CLANG_WARN__DUPLICATE_METHOD_MATCH = YES;
				COPY_PHASE_STRIP = NO;
				DEBUG_INFORMATION_FORMAT = "dwarf-with-dsym";
				ENABLE_NS_ASSERTIONS = NO;
				ENABLE_STRICT_OBJC_MSGSEND = YES;
				GCC_C_LANGUAGE_STANDARD = gnu11;
				GCC_NO_COMMON_BLOCKS = YES;
				GCC_WARN_64_TO_32_BIT_CONVERSION = YES;
				GCC_WARN_ABOUT_RETURN_TYPE = YES_ERROR;
				GCC_WARN_UNDECLARED_SELECTOR = YES;
				GCC_WARN_UNINITIALIZED_AUTOS = YES_AGGRESSIVE;
				GCC_WARN_UNUSED_FUNCTION = YES;
				GCC_WARN_UNUSED_VARIABLE = YES;
				IPHONEOS_DEPLOYMENT_TARGET = 14.4;
				MTL_ENABLE_DEBUG_INFO = NO;
				MTL_FAST_MATH = YES;
				SDKROOT = iphoneos;
				SWIFT_COMPILATION_MODE = wholemodule;
				SWIFT_OPTIMIZATION_LEVEL = "-O";
				VALIDATE_PRODUCT = YES;
			};
			name = Release;
		};
		A83EC36325CC8D3700DD6FAC /* Debug */ = {
			isa = XCBuildConfiguration;
			buildSettings = {
				ASSETCATALOG_COMPILER_APPICON_NAME = AppIcon;
				ASSETCATALOG_COMPILER_GLOBAL_ACCENT_COLOR_NAME = AccentColor;
				CODE_SIGN_STYLE = Automatic;
				DEVELOPMENT_ASSET_PATHS = "\"Segue o Baile/Preview Content\"";
				DEVELOPMENT_TEAM = S8R5YQ68C2;
				ENABLE_PREVIEWS = YES;
				INFOPLIST_FILE = "Segue o Baile/Info.plist";
				LD_RUNPATH_SEARCH_PATHS = (
					"$(inherited)",
					"@executable_path/Frameworks",
				);
				PRODUCT_BUNDLE_IDENTIFIER = "Eu.Segue-o-Baile";
				PRODUCT_NAME = "$(TARGET_NAME)";
				SWIFT_VERSION = 5.0;
				TARGETED_DEVICE_FAMILY = "1,2";
			};
			name = Debug;
		};
		A83EC36425CC8D3700DD6FAC /* Release */ = {
			isa = XCBuildConfiguration;
			buildSettings = {
				ASSETCATALOG_COMPILER_APPICON_NAME = AppIcon;
				ASSETCATALOG_COMPILER_GLOBAL_ACCENT_COLOR_NAME = AccentColor;
				CODE_SIGN_STYLE = Automatic;
				DEVELOPMENT_ASSET_PATHS = "\"Segue o Baile/Preview Content\"";
				DEVELOPMENT_TEAM = S8R5YQ68C2;
				ENABLE_PREVIEWS = YES;
				INFOPLIST_FILE = "Segue o Baile/Info.plist";
				LD_RUNPATH_SEARCH_PATHS = (
					"$(inherited)",
					"@executable_path/Frameworks",
				);
				PRODUCT_BUNDLE_IDENTIFIER = "Eu.Segue-o-Baile";
				PRODUCT_NAME = "$(TARGET_NAME)";
				SWIFT_VERSION = 5.0;
				TARGETED_DEVICE_FAMILY = "1,2";
			};
			name = Release;
		};
/* End XCBuildConfiguration section */

/* Begin XCConfigurationList section */
		A83EC34925CC8D3500DD6FAC /* Build configuration list for PBXProject "Segue o Baile" */ = {
			isa = XCConfigurationList;
			buildConfigurations = (
				A83EC36025CC8D3700DD6FAC /* Debug */,
				A83EC36125CC8D3700DD6FAC /* Release */,
			);
			defaultConfigurationIsVisible = 0;
			defaultConfigurationName = Release;
		};
		A83EC36225CC8D3700DD6FAC /* Build configuration list for PBXNativeTarget "Segue o Baile" */ = {
			isa = XCConfigurationList;
			buildConfigurations = (
				A83EC36325CC8D3700DD6FAC /* Debug */,
				A83EC36425CC8D3700DD6FAC /* Release */,
			);
			defaultConfigurationIsVisible = 0;
			defaultConfigurationName = Release;
		};
/* End XCConfigurationList section */
	};
	rootObject = A83EC34625CC8D3500DD6FAC /* Project object */;
}
